Microsoft Visual Studio Solution File, Format Version 12.00
# Visual Studio Version 17
VisualStudioVersion = 17.2.32630.192
MinimumVisualStudioVersion = 10.0.40219.1
Project("{9A19103F-16F7-4668-BE54-9A1E7A4F7556}") = "Microsoft.ML.OnnxRuntime.InferenceSample", "sample\InferenceSample\Microsoft.ML.OnnxRuntime.InferenceSample\Microsoft.ML.OnnxRuntime.InferenceSample.csproj", "{2E295930-42B1-422D-925D-F07947AD8EFF}"
EndProject
Project("{9A19103F-16F7-4668-BE54-9A1E7A4F7556}") = "Microsoft.ML.OnnxRuntime.InferenceSample.Forms", "sample\InferenceSample\Microsoft.ML.OnnxRuntime.InferenceSample.Forms\Microsoft.ML.OnnxRuntime.InferenceSample.Forms.csproj", "{C5BDDD5D-F811-4CDD-A977-2D8581C21F36}"
EndProject
Project("{FAE04EC0-301F-11D3-BF4B-00C04F79EFBC}") = "Microsoft.ML.OnnxRuntime.InferenceSample.Forms.Android", "sample\InferenceSample\Microsoft.ML.OnnxRuntime.InferenceSample.Forms.Android\Microsoft.ML.OnnxRuntime.InferenceSample.Forms.Android.csproj", "{E5FED8FD-952F-4DB9-A5A9-2C598FAF976E}"
EndProject
Project("{FAE04EC0-301F-11D3-BF4B-00C04F79EFBC}") = "Microsoft.ML.OnnxRuntime.InferenceSample.Forms.UWP", "sample\InferenceSample\Microsoft.ML.OnnxRuntime.InferenceSample.Forms.UWP\Microsoft.ML.OnnxRuntime.InferenceSample.Forms.UWP.csproj", "{D154382E-B181-4DB6-BEA9-A1210A49A0B1}"
EndProject
Global
	GlobalSection(SolutionConfigurationPlatforms) = preSolution
		Debug|Any CPU = Debug|Any CPU
		Debug|ARM = Debug|ARM
		Debug|iPhone = Debug|iPhone
		Debug|iPhoneSimulator = Debug|iPhoneSimulator
		Debug|x64 = Debug|x64
		Debug|x86 = Debug|x86
		Release|Any CPU = Release|Any CPU
		Release|ARM = Release|ARM
		Release|iPhone = Release|iPhone
		Release|iPhoneSimulator = Release|iPhoneSimulator
		Release|x64 = Release|x64
		Release|x86 = Release|x86
	EndGlobalSection
	GlobalSection(ProjectConfigurationPlatforms) = postSolution
		{2E295930-42B1-422D-925D-F07947AD8EFF}.Debug|Any CPU.ActiveCfg = Debug|Any CPU
		{2E295930-42B1-422D-925D-F07947AD8EFF}.Debug|Any CPU.Build.0 = Debug|Any CPU
		{2E295930-42B1-422D-925D-F07947AD8EFF}.Debug|ARM.ActiveCfg = Debug|Any CPU
		{2E295930-42B1-422D-925D-F07947AD8EFF}.Debug|ARM.Build.0 = Debug|Any CPU
		{2E295930-42B1-422D-925D-F07947AD8EFF}.Debug|iPhone.ActiveCfg = Debug|Any CPU
		{2E295930-42B1-422D-925D-F07947AD8EFF}.Debug|iPhone.Build.0 = Debug|Any CPU
		{2E295930-42B1-422D-925D-F07947AD8EFF}.Debug|iPhoneSimulator.ActiveCfg = Debug|Any CPU
		{2E295930-42B1-422D-925D-F07947AD8EFF}.Debug|iPhoneSimulator.Build.0 = Debug|Any CPU
		{2E295930-42B1-422D-925D-F07947AD8EFF}.Debug|x64.ActiveCfg = Debug|x64
		{2E295930-42B1-422D-925D-F07947AD8EFF}.Debug|x64.Build.0 = Debug|x64
		{2E295930-42B1-422D-925D-F07947AD8EFF}.Debug|x86.ActiveCfg = Debug|Any CPU
		{2E295930-42B1-422D-925D-F07947AD8EFF}.Debug|x86.Build.0 = Debug|Any CPU
		{2E295930-42B1-422D-925D-F07947AD8EFF}.Release|Any CPU.ActiveCfg = Release|Any CPU
		{2E295930-42B1-422D-925D-F07947AD8EFF}.Release|Any CPU.Build.0 = Release|Any CPU
		{2E295930-42B1-422D-925D-F07947AD8EFF}.Release|ARM.ActiveCfg = Release|Any CPU
		{2E295930-42B1-422D-925D-F07947AD8EFF}.Release|ARM.Build.0 = Release|Any CPU
		{2E295930-42B1-422D-925D-F07947AD8EFF}.Release|iPhone.ActiveCfg = Release|Any CPU
		{2E295930-42B1-422D-925D-F07947AD8EFF}.Release|iPhone.Build.0 = Release|Any CPU
		{2E295930-42B1-422D-925D-F07947AD8EFF}.Release|iPhoneSimulator.ActiveCfg = Release|Any CPU
		{2E295930-42B1-422D-925D-F07947AD8EFF}.Release|iPhoneSimulator.Build.0 = Release|Any CPU
		{2E295930-42B1-422D-925D-F07947AD8EFF}.Release|x64.ActiveCfg = Release|x64
		{2E295930-42B1-422D-925D-F07947AD8EFF}.Release|x64.Build.0 = Release|x64
		{2E295930-42B1-422D-925D-F07947AD8EFF}.Release|x86.ActiveCfg = Release|Any CPU
		{2E295930-42B1-422D-925D-F07947AD8EFF}.Release|x86.Build.0 = Release|Any CPU
		{C5BDDD5D-F811-4CDD-A977-2D8581C21F36}.Debug|Any CPU.ActiveCfg = Debug|Any CPU
		{C5BDDD5D-F811-4CDD-A977-2D8581C21F36}.Debug|Any CPU.Build.0 = Debug|Any CPU
		{C5BDDD5D-F811-4CDD-A977-2D8581C21F36}.Debug|ARM.ActiveCfg = Debug|Any CPU
		{C5BDDD5D-F811-4CDD-A977-2D8581C21F36}.Debug|ARM.Build.0 = Debug|Any CPU
		{C5BDDD5D-F811-4CDD-A977-2D8581C21F36}.Debug|iPhone.ActiveCfg = Debug|Any CPU
		{C5BDDD5D-F811-4CDD-A977-2D8581C21F36}.Debug|iPhone.Build.0 = Debug|Any CPU
		{C5BDDD5D-F811-4CDD-A977-2D8581C21F36}.Debug|iPhoneSimulator.ActiveCfg = Debug|Any CPU
		{C5BDDD5D-F811-4CDD-A977-2D8581C21F36}.Debug|iPhoneSimulator.Build.0 = Debug|Any CPU
		{C5BDDD5D-F811-4CDD-A977-2D8581C21F36}.Debug|x64.ActiveCfg = Debug|x64
		{C5BDDD5D-F811-4CDD-A977-2D8581C21F36}.Debug|x64.Build.0 = Debug|x64
		{C5BDDD5D-F811-4CDD-A977-2D8581C21F36}.Debug|x86.ActiveCfg = Debug|Any CPU
		{C5BDDD5D-F811-4CDD-A977-2D8581C21F36}.Debug|x86.Build.0 = Debug|Any CPU
		{C5BDDD5D-F811-4CDD-A977-2D8581C21F36}.Release|Any CPU.ActiveCfg = Release|Any CPU
		{C5BDDD5D-F811-4CDD-A977-2D8581C21F36}.Release|Any CPU.Build.0 = Release|Any CPU
		{C5BDDD5D-F811-4CDD-A977-2D8581C21F36}.Release|ARM.ActiveCfg = Release|Any CPU
		{C5BDDD5D-F811-4CDD-A977-2D8581C21F36}.Release|ARM.Build.0 = Release|Any CPU
		{C5BDDD5D-F811-4CDD-A977-2D8581C21F36}.Release|iPhone.ActiveCfg = Release|Any CPU
		{C5BDDD5D-F811-4CDD-A977-2D8581C21F36}.Release|iPhone.Build.0 = Release|Any CPU
		{C5BDDD5D-F811-4CDD-A977-2D8581C21F36}.Release|iPhoneSimulator.ActiveCfg = Release|Any CPU
		{C5BDDD5D-F811-4CDD-A977-2D8581C21F36}.Release|iPhoneSimulator.Build.0 = Release|Any CPU
		{C5BDDD5D-F811-4CDD-A977-2D8581C21F36}.Release|x64.ActiveCfg = Release|x64
		{C5BDDD5D-F811-4CDD-A977-2D8581C21F36}.Release|x64.Build.0 = Release|x64
		{C5BDDD5D-F811-4CDD-A977-2D8581C21F36}.Release|x86.ActiveCfg = Release|Any CPU
		{C5BDDD5D-F811-4CDD-A977-2D8581C21F36}.Release|x86.Build.0 = Release|Any CPU
		{E5FED8FD-952F-4DB9-A5A9-2C598FAF976E}.Debug|Any CPU.ActiveCfg = Debug|Any CPU
		{E5FED8FD-952F-4DB9-A5A9-2C598FAF976E}.Debug|Any CPU.Build.0 = Debug|Any CPU
		{E5FED8FD-952F-4DB9-A5A9-2C598FAF976E}.Debug|Any CPU.Deploy.0 = Debug|Any CPU
		{E5FED8FD-952F-4DB9-A5A9-2C598FAF976E}.Debug|ARM.ActiveCfg = Debug|Any CPU
		{E5FED8FD-952F-4DB9-A5A9-2C598FAF976E}.Debug|ARM.Build.0 = Debug|Any CPU
		{E5FED8FD-952F-4DB9-A5A9-2C598FAF976E}.Debug|ARM.Deploy.0 = Debug|Any CPU
		{E5FED8FD-952F-4DB9-A5A9-2C598FAF976E}.Debug|iPhone.ActiveCfg = Debug|Any CPU
		{E5FED8FD-952F-4DB9-A5A9-2C598FAF976E}.Debug|iPhone.Build.0 = Debug|Any CPU
		{E5FED8FD-952F-4DB9-A5A9-2C598FAF976E}.Debug|iPhoneSimulator.ActiveCfg = Debug|Any CPU
		{E5FED8FD-952F-4DB9-A5A9-2C598FAF976E}.Debug|iPhoneSimulator.Build.0 = Debug|Any CPU
		{E5FED8FD-952F-4DB9-A5A9-2C598FAF976E}.Debug|x64.ActiveCfg = Debug|x64
		{E5FED8FD-952F-4DB9-A5A9-2C598FAF976E}.Debug|x64.Build.0 = Debug|x64
		{E5FED8FD-952F-4DB9-A5A9-2C598FAF976E}.Debug|x64.Deploy.0 = Debug|x64
		{E5FED8FD-952F-4DB9-A5A9-2C598FAF976E}.Debug|x86.ActiveCfg = Debug|Any CPU
		{E5FED8FD-952F-4DB9-A5A9-2C598FAF976E}.Debug|x86.Build.0 = Debug|Any CPU
		{E5FED8FD-952F-4DB9-A5A9-2C598FAF976E}.Release|Any CPU.ActiveCfg = Release|Any CPU
		{E5FED8FD-952F-4DB9-A5A9-2C598FAF976E}.Release|Any CPU.Build.0 = Release|Any CPU
		{E5FED8FD-952F-4DB9-A5A9-2C598FAF976E}.Release|ARM.ActiveCfg = Release|Any CPU
		{E5FED8FD-952F-4DB9-A5A9-2C598FAF976E}.Release|ARM.Build.0 = Release|Any CPU
		{E5FED8FD-952F-4DB9-A5A9-2C598FAF976E}.Release|ARM.Deploy.0 = Release|Any CPU
		{E5FED8FD-952F-4DB9-A5A9-2C598FAF976E}.Release|iPhone.ActiveCfg = Release|Any CPU
		{E5FED8FD-952F-4DB9-A5A9-2C598FAF976E}.Release|iPhone.Build.0 = Release|Any CPU
		{E5FED8FD-952F-4DB9-A5A9-2C598FAF976E}.Release|iPhoneSimulator.ActiveCfg = Release|Any CPU
		{E5FED8FD-952F-4DB9-A5A9-2C598FAF976E}.Release|iPhoneSimulator.Build.0 = Release|Any CPU
		{E5FED8FD-952F-4DB9-A5A9-2C598FAF976E}.Release|x64.ActiveCfg = Release|x64
		{E5FED8FD-952F-4DB9-A5A9-2C598FAF976E}.Release|x64.Build.0 = Release|x64
		{E5FED8FD-952F-4DB9-A5A9-2C598FAF976E}.Release|x64.Deploy.0 = Release|x64
		{E5FED8FD-952F-4DB9-A5A9-2C598FAF976E}.Release|x86.ActiveCfg = Release|Any CPU
		{E5FED8FD-952F-4DB9-A5A9-2C598FAF976E}.Release|x86.Build.0 = Release|Any CPU
		{D154382E-B181-4DB6-BEA9-A1210A49A0B1}.Debug|Any CPU.ActiveCfg = Debug|x64
		{D154382E-B181-4DB6-BEA9-A1210A49A0B1}.Debug|Any CPU.Build.0 = Debug|x64
		{D154382E-B181-4DB6-BEA9-A1210A49A0B1}.Debug|Any CPU.Deploy.0 = Debug|x64
		{D154382E-B181-4DB6-BEA9-A1210A49A0B1}.Debug|ARM.ActiveCfg = Debug|ARM
		{D154382E-B181-4DB6-BEA9-A1210A49A0B1}.Debug|ARM.Build.0 = Debug|ARM
		{D154382E-B181-4DB6-BEA9-A1210A49A0B1}.Debug|ARM.Deploy.0 = Debug|ARM
		{D154382E-B181-4DB6-BEA9-A1210A49A0B1}.Debug|iPhone.ActiveCfg = Debug|x64
		{D154382E-B181-4DB6-BEA9-A1210A49A0B1}.Debug|iPhone.Build.0 = Debug|x64
		{D154382E-B181-4DB6-BEA9-A1210A49A0B1}.Debug|iPhone.Deploy.0 = Debug|x64
		{D154382E-B181-4DB6-BEA9-A1210A49A0B1}.Debug|iPhoneSimulator.ActiveCfg = Debug|x64
		{D154382E-B181-4DB6-BEA9-A1210A49A0B1}.Debug|iPhoneSimulator.Build.0 = Debug|x64
		{D154382E-B181-4DB6-BEA9-A1210A49A0B1}.Debug|iPhoneSimulator.Deploy.0 = Debug|x64
		{D154382E-B181-4DB6-BEA9-A1210A49A0B1}.Debug|x64.ActiveCfg = Debug|x64
		{D154382E-B181-4DB6-BEA9-A1210A49A0B1}.Debug|x64.Build.0 = Debug|x64
		{D154382E-B181-4DB6-BEA9-A1210A49A0B1}.Debug|x64.Deploy.0 = Debug|x64
		{D154382E-B181-4DB6-BEA9-A1210A49A0B1}.Debug|x86.ActiveCfg = Debug|x86
		{D154382E-B181-4DB6-BEA9-A1210A49A0B1}.Debug|x86.Build.0 = Debug|x86
		{D154382E-B181-4DB6-BEA9-A1210A49A0B1}.Debug|x86.Deploy.0 = Debug|x86
		{D154382E-B181-4DB6-BEA9-A1210A49A0B1}.Release|Any CPU.ActiveCfg = Release|x64
		{D154382E-B181-4DB6-BEA9-A1210A49A0B1}.Release|Any CPU.Build.0 = Release|x64
		{D154382E-B181-4DB6-BEA9-A1210A49A0B1}.Release|Any CPU.Deploy.0 = Release|x64
		{D154382E-B181-4DB6-BEA9-A1210A49A0B1}.Release|ARM.ActiveCfg = Release|ARM
		{D154382E-B181-4DB6-BEA9-A1210A49A0B1}.Release|ARM.Build.0 = Release|ARM
		{D154382E-B181-4DB6-BEA9-A1210A49A0B1}.Release|ARM.Deploy.0 = Release|ARM
		{D154382E-B181-4DB6-BEA9-A1210A49A0B1}.Release|iPhone.ActiveCfg = Release|x64
		{D154382E-B181-4DB6-BEA9-A1210A49A0B1}.Release|iPhone.Build.0 = Release|x64
		{D154382E-B181-4DB6-BEA9-A1210A49A0B1}.Release|iPhone.Deploy.0 = Release|x64
		{D154382E-B181-4DB6-BEA9-A1210A49A0B1}.Release|iPhoneSimulator.ActiveCfg = Release|x64
		{D154382E-B181-4DB6-BEA9-A1210A49A0B1}.Release|iPhoneSimulator.Build.0 = Release|x64
		{D154382E-B181-4DB6-BEA9-A1210A49A0B1}.Release|iPhoneSimulator.Deploy.0 = Release|x64
		{D154382E-B181-4DB6-BEA9-A1210A49A0B1}.Release|x64.ActiveCfg = Release|x64
		{D154382E-B181-4DB6-BEA9-A1210A49A0B1}.Release|x64.Build.0 = Release|x64
		{D154382E-B181-4DB6-BEA9-A1210A49A0B1}.Release|x64.Deploy.0 = Release|x64
		{D154382E-B181-4DB6-BEA9-A1210A49A0B1}.Release|x86.ActiveCfg = Release|x86
		{D154382E-B181-4DB6-BEA9-A1210A49A0B1}.Release|x86.Build.0 = Release|x86
		{D154382E-B181-4DB6-BEA9-A1210A49A0B1}.Release|x86.Deploy.0 = Release|x86
	EndGlobalSection
	GlobalSection(SolutionProperties) = preSolution
		HideSolutionNode = FALSE
	EndGlobalSection
	GlobalSection(ExtensibilityGlobals) = postSolution
		SolutionGuid = {C3DBDA2B-F169-4EDE-9353-858904124B75}
	EndGlobalSection
	GlobalSection(Performance) = preSolution
		HasPerformanceSessions = true
	EndGlobalSection
EndGlobal
